github.com/OneOfOne/xxhash v1.2.8 h1:31czK/TI9sNkxIKfaUfGlU47BAxQ0ztGgd9vPyqimf8=
github.com/OneOfOne/xxhash v1.2.8/go.mod h1:eZbhyaAYD41SGSSsnmcpxVoRiQ/MPUTjUdIIOT9Um7Q=
github.com/speps/go-hashids/v2 v2.0.1 h1:ViWOEqWES/pdOSq+C1SLVa8/Tnsd52XC34RY7lt7m4g=
github.com/speps/go-hashids/v2 v2.0.1/go.mod h1:47LKunwvDZki/uRVD6NImtyk712yFzIs3UF3KlHohGw=
